
Microsoft Visual Studio Solution File, Format Version 12.00
# Visual Studio 15
VisualStudioVersion = 15.0.27130.2010
MinimumVisualStudioVersion = 10.0.40219.1
Project("{FAE04EC0-301F-11D3-BF4B-00C04F79EFBC}") = "LionApp", "LionApp\LionApp.csproj", "{21FCA4B4-604C-4C52-BAA2-60098AB56C17}"
EndProject
Global
	GlobalSection(SolutionConfigurationPlatforms) = preSolution
		Debug|Any CPU = Debug|Any CPU
		Release|Any CPU = Release|Any CPU
	EndGlobalSection
	GlobalSection(ProjectConfigurationPlatforms) = postSolution
		{21FCA4B4-604C-4C52-BAA2-60098AB56C17}.Debug|Any CPU.ActiveCfg = Debug|Any CPU
		{21FCA4B4-604C-4C52-BAA2-60098AB56C17}.Debug|Any CPU.Build.0 = Debug|Any CPU
		{21FCA4B4-604C-4C52-BAA2-60098AB56C17}.Release|Any CPU.ActiveCfg = Release|Any CPU
		{21FCA4B4-604C-4C52-BAA2-60098AB56C17}.Release|Any CPU.Build.0 = Release|Any CPU
	EndGlobalSection
	GlobalSection(SolutionProperties) = preSolution
		HideSolutionNode = FALSE
	EndGlobalSection
	GlobalSection(ExtensibilityGlobals) = postSolution
		SolutionGuid = {8F3EEF8D-14B5-4F0D-937D-E4DBF09465DB}
	EndGlobalSection
EndGlobal
